// !$*UTF8*$!
{
	archiveVersion = 1;
	classes = {
	};
	objectVersion = 48;
	objects = {

/* Begin PBXBuildFile section */
		D794E55D07FC5455DCE2887C /* libPods-MMAlertViewDemo.a in Frameworks */ = {isa = PBXBuildFile; fileRef = 828AFF908D7779A76896C590 /* libPods-MMAlertViewDemo.a */; };
		E05E50D2205113A100879714 /* AppDelegate.m in Sources */ = {isa = PBXBuildFile; fileRef = E05E50D1205113A100879714 /* AppDelegate.m */; };
		E05E50D5205113A100879714 /* ViewController.m in Sources */ = {isa = PBXBuildFile; fileRef = E05E50D4205113A100879714 /* ViewController.m */; };
		E05E50D8205113A100879714 /* Main.storyboard in Resources */ = {isa = PBXBuildFile; fileRef = E05E50D6205113A100879714 /* Main.storyboard */; };
		E05E50DA205113A100879714 /* Assets.xcassets in Resources */ = {isa = PBXBuildFile; fileRef = E05E50D9205113A100879714 /* Assets.xcassets */; };
		E05E50DD205113A100879714 /* LaunchScreen.storyboard in Resources */ = {isa = PBXBuildFile; fileRef = E05E50DB205113A100879714 /* LaunchScreen.storyboard */; };
		E05E50E0205113A100879714 /* main.m in Sources */ = {isa = PBXBuildFile; fileRef = E05E50DF205113A100879714 /* main.m */; };
		E05E50E9205113C600879714 /* MMAlertView.m in Sources */ = {isa = PBXBuildFile; fileRef = E05E50E8205113C600879714 /* MMAlertView.m */; };
		E05E51122051231700879714 /* MMAlertView+MMAdd.m in Sources */ = {isa = PBXBuildFile; fileRef = E05E51112051231700879714 /* MMAlertView+MMAdd.m */; };
		E0EB072520947C0B008992B3 /* HUDViewController.m in Sources */ = {isa = PBXBuildFile; fileRef = E0EB072420947C0B008992B3 /* HUDViewController.m */; };
/* End PBXBuildFile section */

/* Begin PBXFileReference section */
		55752257C0EDDF9C298E72E4 /* Pods-MMAlertViewDemo.release.xcconfig */ = {isa = PBXFileReference; includeInIndex = 1; lastKnownFileType = text.xcconfig; name = "Pods-MMAlertViewDemo.release.xcconfig"; path = "Pods/Target Support Files/Pods-MMAlertViewDemo/Pods-MMAlertViewDemo.release.xcconfig"; sourceTree = "<group>"; };
		6F50EEB0F9523FEF3A577C2C /* Pods-MMAlertViewDemo.debug.xcconfig */ = {isa = PBXFileReference; includeInIndex = 1; lastKnownFileType = text.xcconfig; name = "Pods-MMAlertViewDemo.debug.xcconfig"; path = "Pods/Target Support Files/Pods-MMAlertViewDemo/Pods-MMAlertViewDemo.debug.xcconfig"; sourceTree = "<group>"; };
		828AFF908D7779A76896C590 /* libPods-MMAlertViewDemo.a */ = {isa = PBXFileReference; explicitFileType = archive.ar; includeInIndex = 0; path = "libPods-MMAlertViewDemo.a"; sourceTree = BUILT_PRODUCTS_DIR; };
		E05E50CD205113A100879714 /* MMAlertViewDemo.app */ = {isa = PBXFileReference; explicitFileType = wrapper.application; includeInIndex = 0; path = MMAlertViewDemo.app; sourceTree = BUILT_PRODUCTS_DIR; };
		E05E50D0205113A100879714 /* AppDelegate.h */ = {isa = PBXFileReference; lastKnownFileType = sourcecode.c.h; path = AppDelegate.h; sourceTree = "<group>"; };
		E05E50D1205113A100879714 /* AppDelegate.m */ = {isa = PBXFileReference; lastKnownFileType = sourcecode.c.objc; path = AppDelegate.m; sourceTree = "<group>"; };
		E05E50D3205113A100879714 /* ViewController.h */ = {isa = PBXFileReference; lastKnownFileType = sourcecode.c.h; path = ViewController.h; sourceTree = "<group>"; };
		E05E50D4205113A100879714 /* ViewController.m */ = {isa = PBXFileReference; lastKnownFileType = sourcecode.c.objc; path = ViewController.m; sourceTree = "<group>"; };
		E05E50D7205113A100879714 /* Base */ = {isa = PBXFileReference; lastKnownFileType = file.storyboard; name = Base; path = Base.lproj/Main.storyboard; sourceTree = "<group>"; };
		E05E50D9205113A100879714 /* Assets.xcassets */ = {isa = PBXFileReference; lastKnownFileType = folder.assetcatalog; path = Assets.xcassets; sourceTree = "<group>"; };
		E05E50DC205113A100879714 /* Base */ = {isa = PBXFileReference; lastKnownFileType = file.storyboard; name = Base; path = Base.lproj/LaunchScreen.storyboard; sourceTree = "<group>"; };
		E05E50DE205113A100879714 /* Info.plist */ = {isa = PBXFileReference; lastKnownFileType = text.plist.xml; path = Info.plist; sourceTree = "<group>"; };
		E05E50DF205113A100879714 /* main.m */ = {isa = PBXFileReference; lastKnownFileType = sourcecode.c.objc; path = main.m; sourceTree = "<group>"; };
		E05E50E7205113C600879714 /* MMAlertView.h */ = {isa = PBXFileReference; lastKnownFileType = sourcecode.c.h; path = MMAlertView.h; sourceTree = "<group>"; };
		E05E50E8205113C600879714 /* MMAlertView.m */ = {isa = PBXFileReference; lastKnownFileType = sourcecode.c.objc; path = MMAlertView.m; sourceTree = "<group>"; };
		E05E51102051231700879714 /* MMAlertView+MMAdd.h */ = {isa = PBXFileReference; lastKnownFileType = sourcecode.c.h; path = "MMAlertView+MMAdd.h"; sourceTree = "<group>"; };
		E05E51112051231700879714 /* MMAlertView+MMAdd.m */ = {isa = PBXFileReference; lastKnownFileType = sourcecode.c.objc; path = "MMAlertView+MMAdd.m"; sourceTree = "<group>"; };
		E05E5113205145DB00879714 /* MMAlertViewMacro.h */ = {isa = PBXFileReference; lastKnownFileType = sourcecode.c.h; path = MMAlertViewMacro.h; sourceTree = "<group>"; };
		E0EB072320947C0B008992B3 /* HUDViewController.h */ = {isa = PBXFileReference; lastKnownFileType = sourcecode.c.h; path = HUDViewController.h; sourceTree = "<group>"; };
		E0EB072420947C0B008992B3 /* HUDViewController.m */ = {isa = PBXFileReference; lastKnownFileType = sourcecode.c.objc; path = HUDViewController.m; sourceTree = "<group>"; };
/* End PBXFileReference section */

/* Begin PBXFrameworksBuildPhase section */
		E05E50CA205113A100879714 /* Frameworks */ = {
			isa = PBXFrameworksBuildPhase;
			buildActionMask = 2147483647;
			files = (
				D794E55D07FC5455DCE2887C /* libPods-MMAlertViewDemo.a in Frameworks */,
			);
			runOnlyForDeploymentPostprocessing = 0;
		};
/* End PBXFrameworksBuildPhase section */

/* Begin PBXGroup section */
		4D146095B2784F504DEC1E1A /* Pods */ = {
			isa = PBXGroup;
			children = (
				6F50EEB0F9523FEF3A577C2C /* Pods-MMAlertViewDemo.debug.xcconfig */,
				55752257C0EDDF9C298E72E4 /* Pods-MMAlertViewDemo.release.xcconfig */,
			);
			name = Pods;
			sourceTree = "<group>";
		};
		E05E50C4205113A100879714 = {
			isa = PBXGroup;
			children = (
				E05E50E6205113B900879714 /* MMAlertView */,
				E05E50CF205113A100879714 /* MMAlertViewDemo */,
				E05E50CE205113A100879714 /* Products */,
				4D146095B2784F504DEC1E1A /* Pods */,
				FC30C088542A906DD14C8E1B /* Frameworks */,
			);
			sourceTree = "<group>";
		};
		E05E50CE205113A100879714 /* Products */ = {
			isa = PBXGroup;
			children = (
				E05E50CD205113A100879714 /* MMAlertViewDemo.app */,
			);
			name = Products;
			sourceTree = "<group>";
		};
		E05E50CF205113A100879714 /* MMAlertViewDemo */ = {
			isa = PBXGroup;
			children = (
				E05E50D0205113A100879714 /* AppDelegate.h */,
				E05E50D1205113A100879714 /* AppDelegate.m */,
				E05E50D3205113A100879714 /* ViewController.h */,
				E05E50D4205113A100879714 /* ViewController.m */,
				E0EB072320947C0B008992B3 /* HUDViewController.h */,
				E0EB072420947C0B008992B3 /* HUDViewController.m */,
				E05E50D6205113A100879714 /* Main.storyboard */,
				E05E50D9205113A100879714 /* Assets.xcassets */,
				E05E50DB205113A100879714 /* LaunchScreen.storyboard */,
				E05E50DE205113A100879714 /* Info.plist */,
				E05E50DF205113A100879714 /* main.m */,
			);
			path = MMAlertViewDemo;
			sourceTree = "<group>";
		};
		E05E50E6205113B900879714 /* MMAlertView */ = {
			isa = PBXGroup;
			children = (
				E05E50E7205113C600879714 /* MMAlertView.h */,
				E05E50E8205113C600879714 /* MMAlertView.m */,
				E05E5113205145DB00879714 /* MMAlertViewMacro.h */,
				E05E51102051231700879714 /* MMAlertView+MMAdd.h */,
				E05E51112051231700879714 /* MMAlertView+MMAdd.m */,
			);
			name = MMAlertView;
			path = ../MMAlertView;
			sourceTree = "<group>";
		};
		FC30C088542A906DD14C8E1B /* Frameworks */ = {
			isa = PBXGroup;
			children = (
				828AFF908D7779A76896C590 /* libPods-MMAlertViewDemo.a */,
			);
			name = Frameworks;
			sourceTree = "<group>";
		};
/* End PBXGroup section */

/* Begin PBXNativeTarget section */
		E05E50CC205113A100879714 /* MMAlertViewDemo */ = {
			isa = PBXNativeTarget;
			buildConfigurationList = E05E50E3205113A100879714 /* Build configuration list for PBXNativeTarget "MMAlertViewDemo" */;
			buildPhases = (
				8615E592DA725EF1D7B70597 /* [CP] Check Pods Manifest.lock */,
				E05E50C9205113A100879714 /* Sources */,
				E05E50CA205113A100879714 /* Frameworks */,
				E05E50CB205113A100879714 /* Resources */,
			);
			buildRules = (
			);
			dependencies = (
			);
			name = MMAlertViewDemo;
			productName = MMAlertViewDemo;
			productReference = E05E50CD205113A100879714 /* MMAlertViewDemo.app */;
			productType = "com.apple.product-type.application";
		};
/* End PBXNativeTarget section */

/* Begin PBXProject section */
		E05E50C5205113A100879714 /* Project object */ = {
			isa = PBXProject;
			attributes = {
				LastUpgradeCheck = 0920;
				ORGANIZATIONNAME = mille;
				TargetAttributes = {
					E05E50CC205113A100879714 = {
						CreatedOnToolsVersion = 9.2;
						ProvisioningStyle = Automatic;
					};
				};
			};
			buildConfigurationList = E05E50C8205113A100879714 /* Build configuration list for PBXProject "MMAlertViewDemo" */;
			compatibilityVersion = "Xcode 8.0";
			developmentRegion = en;
			hasScannedForEncodings = 0;
			knownRegions = (
				en,
				Base,
			);
			mainGroup = E05E50C4205113A100879714;
			productRefGroup = E05E50CE205113A100879714 /* Products */;
			projectDirPath = "";
			projectRoot = "";
			targets = (
				E05E50CC205113A100879714 /* MMAlertViewDemo */,
			);
		};
/* End PBXProject section */

/* Begin PBXResourcesBuildPhase section */
		E05E50CB205113A100879714 /* Resources */ = {
			isa = PBXResourcesBuildPhase;
			buildActionMask = 2147483647;
			files = (
				E05E50DD205113A100879714 /* LaunchScreen.storyboard in Resources */,
				E05E50DA205113A100879714 /* Assets.xcassets in Resources */,
				E05E50D8205113A100879714 /* Main.storyboard in Resources */,
			);
			runOnlyForDeploymentPostprocessing = 0;
		};
/* End PBXResourcesBuildPhase section */

/* Begin PBXShellScriptBuildPhase section */
		8615E592DA725EF1D7B70597 /* [CP] Check Pods Manifest.lock */ = {
			isa = PBXShellScriptBuildPhase;
			buildActionMask = 2147483647;
			files = (
			);
			inputPaths = (
				"${PODS_PODFILE_DIR_PATH}/Podfile.lock",
				"${PODS_ROOT}/Manifest.lock",
			);
			name = "[CP] Check Pods Manifest.lock";
			outputPaths = (
				"$(DERIVED_FILE_DIR)/Pods-MMAlertViewDemo-checkManifestLockResult.txt",
			);
			runOnlyForDeploymentPostprocessing = 0;
			shellPath = /bin/sh;
			shellScript = "diff \"${PODS_PODFILE_DIR_PATH}/Podfile.lock\" \"${PODS_ROOT}/Manifest.lock\" > /dev/null\nif [ $? != 0 ] ; then\n    # print error to STDERR\n    echo \"error: The sandbox is not in sync with the Podfile.lock. Run 'pod install' or update your CocoaPods installation.\" >&2\n    exit 1\nfi\n# This output is used by Xcode 'outputs' to avoid re-running this script phase.\necho \"SUCCESS\" > \"${SCRIPT_OUTPUT_FILE_0}\"\n";
			showEnvVarsInLog = 0;
		};
/* End PBXShellScriptBuildPhase section */

/* Begin PBXSourcesBuildPhase section */
		E05E50C9205113A100879714 /* Sources */ = {
			isa = PBXSourcesBuildPhase;
			buildActionMask = 2147483647;
			files = (
				E0EB072520947C0B008992B3 /* HUDViewController.m in Sources */,
				E05E51122051231700879714 /* MMAlertView+MMAdd.m in Sources */,
				E05E50D5205113A100879714 /* ViewController.m in Sources */,
				E05E50E9205113C600879714 /* MMAlertView.m in Sources */,
				E05E50E0205113A100879714 /* main.m in Sources */,
				E05E50D2205113A100879714 /* AppDelegate.m in Sources */,
			);
			runOnlyForDeploymentPostprocessing = 0;
		};
/* End PBXSourcesBuildPhase section */

/* Begin PBXVariantGroup section */
		E05E50D6205113A100879714 /* Main.storyboard */ = {
			isa = PBXVariantGroup;
			children = (
				E05E50D7205113A100879714 /* Base */,
			);
			name = Main.storyboard;
			sourceTree = "<group>";
		};
		E05E50DB205113A100879714 /* LaunchScreen.storyboard */ = {
			isa = PBXVariantGroup;
			children = (
				E05E50DC205113A100879714 /* Base */,
			);
			name = LaunchScreen.storyboard;
			sourceTree = "<group>";
		};
/* End PBXVariantGroup section */

/* Begin XCBuildConfiguration section */
		E05E50E1205113A100879714 /* Debug */ = {
			isa = XCBuildConfiguration;
			buildSettings = {
				ALWAYS_SEARCH_USER_PATHS = NO;
				CLANG_ANALYZER_NONNULL = YES;
				CLANG_ANALYZER_NUMBER_OBJECT_CONVERSION = YES_AGGRESSIVE;
				CLANG_CXX_LANGUAGE_STANDARD = "gnu++14";
				CLANG_CXX_LIBRARY = "libc++";
				CLANG_ENABLE_MODULES = YES;
				CLANG_ENABLE_OBJC_ARC = YES;
				CLANG_WARN_BLOCK_CAPTURE_AUTORELEASING = YES;
				CLANG_WARN_BOOL_CONVERSION = YES;
				CLANG_WARN_COMMA = YES;
				CLANG_WARN_CONSTANT_CONVERSION = YES;
				CLANG_WARN_DIRECT_OBJC_ISA_USAGE = YES_ERROR;
				CLANG_WARN_DOCUMENTATION_COMMENTS = YES;
				CLANG_WARN_EMPTY_BODY = YES;
				CLANG_WARN_ENUM_CONVERSION = YES;
				CLANG_WARN_INFINITE_RECURSION = YES;
				CLANG_WARN_INT_CONVERSION = YES;
				CLANG_WARN_NON_LITERAL_NULL_CONVERSION = YES;
				CLANG_WARN_OBJC_LITERAL_CONVERSION = YES;
				CLANG_WARN_OBJC_ROOT_CLASS = YES_ERROR;
				CLANG_WARN_RANGE_LOOP_ANALYSIS = YES;
				CLANG_WARN_STRICT_PROTOTYPES = YES;
				CLANG_WARN_SUSPICIOUS_MOVE = YES;
				CLANG_WARN_UNGUARDED_AVAILABILITY = YES_AGGRESSIVE;
				CLANG_WARN_UNREACHABLE_CODE = YES;
				CLANG_WARN__DUPLICATE_METHOD_MATCH = YES;
				CODE_SIGN_IDENTITY = "iPhone Developer";
				COPY_PHASE_STRIP = NO;
				DEBUG_INFORMATION_FORMAT = dwarf;
				ENABLE_STRICT_OBJC_MSGSEND = YES;
				ENABLE_TESTABILITY = YES;
				GCC_C_LANGUAGE_STANDARD = gnu11;
				GCC_DYNAMIC_NO_PIC = NO;
				GCC_NO_COMMON_BLOCKS = YES;
				GCC_OPTIMIZATION_LEVEL = 0;
				GCC_PREPROCESSOR_DEFINITIONS = (
					"DEBUG=1",
					"$(inherited)",
				);
				GCC_WARN_64_TO_32_BIT_CONVERSION = YES;
				GCC_WARN_ABOUT_RETURN_TYPE = YES_ERROR;
				GCC_WARN_UNDECLARED_SELECTOR = YES;
				GCC_WARN_UNINITIALIZED_AUTOS = YES_AGGRESSIVE;
				GCC_WARN_UNUSED_FUNCTION = YES;
				GCC_WARN_UNUSED_VARIABLE = YES;
				IPHONEOS_DEPLOYMENT_TARGET = 11.2;
				MTL_ENABLE_DEBUG_INFO = YES;
				ONLY_ACTIVE_ARCH = YES;
				SDKROOT = iphoneos;
			};
			name = Debug;
		};
		E05E50E2205113A100879714 /* Release */ = {
			isa = XCBuildConfiguration;
			buildSettings = {
				ALWAYS_SEARCH_USER_PATHS = NO;
				CLANG_ANALYZER_NONNULL = YES;
				CLANG_ANALYZER_NUMBER_OBJECT_CONVERSION = YES_AGGRESSIVE;
				CLANG_CXX_LANGUAGE_STANDARD = "gnu++14";
				CLANG_CXX_LIBRARY = "libc++";
				CLANG_ENABLE_MODULES = YES;
				CLANG_ENABLE_OBJC_ARC = YES;
				CLANG_WARN_BLOCK_CAPTURE_AUTORELEASING = YES;
				CLANG_WARN_BOOL_CONVERSION = YES;
				CLANG_WARN_COMMA = YES;
				CLANG_WARN_CONSTANT_CONVERSION = YES;
				CLANG_WARN_DIRECT_OBJC_ISA_USAGE = YES_ERROR;
				CLANG_WARN_DOCUMENTATION_COMMENTS = YES;
				CLANG_WARN_EMPTY_BODY = YES;
				CLANG_WARN_ENUM_CONVERSION = YES;
				CLANG_WARN_INFINITE_RECURSION = YES;
				CLANG_WARN_INT_CONVERSION = YES;
				CLANG_WARN_NON_LITERAL_NULL_CONVERSION = YES;
				CLANG_WARN_OBJC_LITERAL_CONVERSION = YES;
				CLANG_WARN_OBJC_ROOT_CLASS = YES_ERROR;
				CLANG_WARN_RANGE_LOOP_ANALYSIS = YES;
				CLANG_WARN_STRICT_PROTOTYPES = YES;
				CLANG_WARN_SUSPICIOUS_MOVE = YES;
				CLANG_WARN_UNGUARDED_AVAILABILITY = YES_AGGRESSIVE;
				CLANG_WARN_UNREACHABLE_CODE = YES;
				CLANG_WARN__DUPLICATE_METHOD_MATCH = YES;
				CODE_SIGN_IDENTITY = "iPhone Developer";
				COPY_PHASE_STRIP = NO;
				DEBUG_INFORMATION_FORMAT = "dwarf-with-dsym";
				ENABLE_NS_ASSERTIONS = NO;
				ENABLE_STRICT_OBJC_MSGSEND = YES;
				GCC_C_LANGUAGE_STANDARD = gnu11;
				GCC_NO_COMMON_BLOCKS = YES;
				GCC_WARN_64_TO_32_BIT_CONVERSION = YES;
				GCC_WARN_ABOUT_RETURN_TYPE = YES_ERROR;
				GCC_WARN_UNDECLARED_SELECTOR = YES;
				GCC_WARN_UNINITIALIZED_AUTOS = YES_AGGRESSIVE;
				GCC_WARN_UNUSED_FUNCTION = YES;
				GCC_WARN_UNUSED_VARIABLE = YES;
				IPHONEOS_DEPLOYMENT_TARGET = 11.2;
				MTL_ENABLE_DEBUG_INFO = NO;
				SDKROOT = iphoneos;
				VALIDATE_PRODUCT = YES;
			};
			name = Release;
		};
		E05E50E4205113A100879714 /* Debug */ = {
			isa = XCBuildConfiguration;
			baseConfigurationReference = 6F50EEB0F9523FEF3A577C2C /* Pods-MMAlertViewDemo.debug.xcconfig */;
			buildSettings = {
				ASSETCATALOG_COMPILER_APPICON_NAME = AppIcon;
				CODE_SIGN_STYLE = Automatic;
				INFOPLIST_FILE = MMAlertViewDemo/Info.plist;
				IPHONEOS_DEPLOYMENT_TARGET = 8.0;
				LD_RUNPATH_SEARCH_PATHS = "$(inherited) @executable_path/Frameworks";
				PRODUCT_BUNDLE_IDENTIFIER = mille.MMAlertViewDemo;
				PRODUCT_NAME = "$(TARGET_NAME)";
				TARGETED_DEVICE_FAMILY = "1,2";
			};
			name = Debug;
		};
		E05E50E5205113A100879714 /* Release */ = {
			isa = XCBuildConfiguration;
			baseConfigurationReference = 55752257C0EDDF9C298E72E4 /* Pods-MMAlertViewDemo.release.xcconfig */;
			buildSettings = {
				ASSETCATALOG_COMPILER_APPICON_NAME = AppIcon;
				CODE_SIGN_STYLE = Automatic;
				INFOPLIST_FILE = MMAlertViewDemo/Info.plist;
				IPHONEOS_DEPLOYMENT_TARGET = 8.0;
				LD_RUNPATH_SEARCH_PATHS = "$(inherited) @executable_path/Frameworks";
				PRODUCT_BUNDLE_IDENTIFIER = mille.MMAlertViewDemo;
				PRODUCT_NAME = "$(TARGET_NAME)";
				TARGETED_DEVICE_FAMILY = "1,2";
			};
			name = Release;
		};
/* End XCBuildConfiguration section */

/* Begin XCConfigurationList section */
		E05E50C8205113A100879714 /* Build configuration list for PBXProject "MMAlertViewDemo" */ = {
			isa = XCConfigurationList;
			buildConfigurations = (
				E05E50E1205113A100879714 /* Debug */,
				E05E50E2205113A100879714 /* Release */,
			);
			defaultConfigurationIsVisible = 0;
			defaultConfigurationName = Release;
		};
		E05E50E3205113A100879714 /* Build configuration list for PBXNativeTarget "MMAlertViewDemo" */ = {
			isa = XCConfigurationList;
			buildConfigurations = (
				E05E50E4205113A100879714 /* Debug */,
				E05E50E5205113A100879714 /* Release */,
			);
			defaultConfigurationIsVisible = 0;
			defaultConfigurationName = Release;
		};
/* End XCConfigurationList section */
	};
	rootObject = E05E50C5205113A100879714 /* Project object */;
}
